PODS:
  - PaneViewController (5.0.7):
    - Signals
  - Signals (6.1.0)

DEPENDENCIES:
  - PaneViewController (from `.`)

SPEC REPOS:
  trunk:
    - Signals

EXTERNAL SOURCES:
  PaneViewController:
    :path: "."

SPEC CHECKSUMS:
  PaneViewController: 635a2783cc00bdadde2c75d260be86f03682444b
  Signals: f8e5c979e93c35273f8dfe55ee7f47213d3e8fe8

PODFILE CHECKSUM: 55d0a845d53fc0569354d9c14a4a11eaf02fd112

COCOAPODS: 1.10.1
