PODS:
  - Signals (6.0.0)

DEPENDENCIES:
  - Signals (from `https://github.com/artman/Signals.git`, tag `6.0.0`)

EXTERNAL SOURCES:
  Signals:
    :git: https://github.com/artman/Signals.git
    :tag: 6.0.0

CHECKOUT OPTIONS:
  Signals:
    :git: https://github.com/artman/Signals.git
    :tag: 6.0.0

SPEC CHECKSUMS:
  Signals: 71e3b5832062e61d3703d6d5a760c3fafb637c0e

PODFILE CHECKSUM: 7ab3991c8c8ab5216ba92142f5f826ff3ce7ca26

COCOAPODS: 1.6.0.rc.1
